
Microsoft Visual Studio Solution File, Format Version 12.00
# Visual Studio 14
VisualStudioVersion = 14.0.24720.0
MinimumVisualStudioVersion = 10.0.40219.1
Project("{8BC9CEB8-8B4A-11D0-8D11-00A0C91BC942}") = "Introspection", "Introspection\Introspection.vcxproj", "{61BEAE13-5634-48D3-8C84-0AE42AB06A56}"
	ProjectSection(ProjectDependencies) = postProject
		{D1C528B6-AA02-4D29-9D61-DC08E317A70D} = {D1C528B6-AA02-4D29-9D61-DC08E317A70D}
	EndProjectSection
EndProject
Project("{2150E333-8FDC-42A3-9474-1A3956D46DE8}") = "3rdParty", "3rdParty", "{FA1ED730-941A-47B0-9B14-A0AB935E71A2}"
EndProject
Project("{8BC9CEB8-8B4A-11D0-8D11-00A0C91BC942}") = "tinyxml2", "3rdParty\tinyxml2\tinyxml2\tinyxml2.vcxproj", "{D1C528B6-AA02-4D29-9D61-DC08E317A70D}"
EndProject
Project("{2150E333-8FDC-42A3-9474-1A3956D46DE8}") = "Tests", "Tests", "{0AF97702-E4B9-4FA9-B42E-076383E9884A}"
EndProject
Project("{8BC9CEB8-8B4A-11D0-8D11-00A0C91BC942}") = "TestIntrospection", "Tests\TestIntrospection\TestIntrospection.vcxproj", "{7545A96C-586A-41D4-BECE-2B1208F0AA8B}"
	ProjectSection(ProjectDependencies) = postProject
		{61BEAE13-5634-48D3-8C84-0AE42AB06A56} = {61BEAE13-5634-48D3-8C84-0AE42AB06A56}
		{D01800E3-2EF9-4232-A4E1-4EF2AA5CD8B0} = {D01800E3-2EF9-4232-A4E1-4EF2AA5CD8B0}
	EndProjectSection
EndProject
Project("{8BC9CEB8-8B4A-11D0-8D11-00A0C91BC942}") = "CoreFx", "CoreFx\CoreFx.vcxproj", "{D01800E3-2EF9-4232-A4E1-4EF2AA5CD8B0}"
EndProject
Project("{8BC9CEB8-8B4A-11D0-8D11-00A0C91BC942}") = "GameTest", "Tests\GameTest\GameTest.vcxproj", "{55323D24-4468-4722-87CF-DC1236B6DB11}"
	ProjectSection(ProjectDependencies) = postProject
		{61BEAE13-5634-48D3-8C84-0AE42AB06A56} = {61BEAE13-5634-48D3-8C84-0AE42AB06A56}
		{7D6115A3-D319-46BF-B3FA-3DF7AD8C31FA} = {7D6115A3-D319-46BF-B3FA-3DF7AD8C31FA}
		{D1C528B6-AA02-4D29-9D61-DC08E317A70D} = {D1C528B6-AA02-4D29-9D61-DC08E317A70D}
		{D01800E3-2EF9-4232-A4E1-4EF2AA5CD8B0} = {D01800E3-2EF9-4232-A4E1-4EF2AA5CD8B0}
	EndProjectSection
EndProject
Project("{8BC9CEB8-8B4A-11D0-8D11-00A0C91BC942}") = "CoreGame", "CoreGame\CoreGame.vcxproj", "{7D6115A3-D319-46BF-B3FA-3DF7AD8C31FA}"
EndProject
Project("{8BC9CEB8-8B4A-11D0-8D11-00A0C91BC942}") = "DataBuilder", "Tools\DataBuilder\DataBuilder.vcxproj", "{DE17E2C2-8164-438A-AAD7-AC55F79D73A9}"
	ProjectSection(ProjectDependencies) = postProject
		{61BEAE13-5634-48D3-8C84-0AE42AB06A56} = {61BEAE13-5634-48D3-8C84-0AE42AB06A56}
		{7D6115A3-D319-46BF-B3FA-3DF7AD8C31FA} = {7D6115A3-D319-46BF-B3FA-3DF7AD8C31FA}
		{D1C528B6-AA02-4D29-9D61-DC08E317A70D} = {D1C528B6-AA02-4D29-9D61-DC08E317A70D}
		{24DDDBBA-D9A6-484D-B9E2-EA2442C7C2F4} = {24DDDBBA-D9A6-484D-B9E2-EA2442C7C2F4}
		{D01800E3-2EF9-4232-A4E1-4EF2AA5CD8B0} = {D01800E3-2EF9-4232-A4E1-4EF2AA5CD8B0}
	EndProjectSection
EndProject
Project("{2150E333-8FDC-42A3-9474-1A3956D46DE8}") = "Tools", "Tools", "{567A770D-752D-4F3C-AD2A-EDAC939A1341}"
EndProject
Project("{8BC9CEB8-8B4A-11D0-8D11-00A0C91BC942}") = "gtMeshWriter", "Tools\DataFbxWriter\DataFbxWriter.vcxproj", "{24DDDBBA-D9A6-484D-B9E2-EA2442C7C2F4}"
	ProjectSection(ProjectDependencies) = postProject
		{61BEAE13-5634-48D3-8C84-0AE42AB06A56} = {61BEAE13-5634-48D3-8C84-0AE42AB06A56}
		{7D6115A3-D319-46BF-B3FA-3DF7AD8C31FA} = {7D6115A3-D319-46BF-B3FA-3DF7AD8C31FA}
		{D1C528B6-AA02-4D29-9D61-DC08E317A70D} = {D1C528B6-AA02-4D29-9D61-DC08E317A70D}
		{D01800E3-2EF9-4232-A4E1-4EF2AA5CD8B0} = {D01800E3-2EF9-4232-A4E1-4EF2AA5CD8B0}
	EndProjectSection
EndProject
Global
	GlobalSection(SolutionConfigurationPlatforms) = preSolution
		Debug|x64 = Debug|x64
		Debug|x86 = Debug|x86
		Debug-Dll|x64 = Debug-Dll|x64
		Debug-Dll|x86 = Debug-Dll|x86
		Debug-Lib|x64 = Debug-Lib|x64
		Debug-Lib|x86 = Debug-Lib|x86
		Release|x64 = Release|x64
		Release|x86 = Release|x86
		Release-Dll|x64 = Release-Dll|x64
		Release-Dll|x86 = Release-Dll|x86
		Release-Lib|x64 = Release-Lib|x64
		Release-Lib|x86 = Release-Lib|x86
	EndGlobalSection
	GlobalSection(ProjectConfigurationPlatforms) = postSolution
		{61BEAE13-5634-48D3-8C84-0AE42AB06A56}.Debug|x64.ActiveCfg = Debug|x64
		{61BEAE13-5634-48D3-8C84-0AE42AB06A56}.Debug|x64.Build.0 = Debug|x64
		{61BEAE13-5634-48D3-8C84-0AE42AB06A56}.Debug|x86.ActiveCfg = Debug|Win32
		{61BEAE13-5634-48D3-8C84-0AE42AB06A56}.Debug|x86.Build.0 = Debug|Win32
		{61BEAE13-5634-48D3-8C84-0AE42AB06A56}.Debug-Dll|x64.ActiveCfg = Debug|x64
		{61BEAE13-5634-48D3-8C84-0AE42AB06A56}.Debug-Dll|x64.Build.0 = Debug|x64
		{61BEAE13-5634-48D3-8C84-0AE42AB06A56}.Debug-Dll|x86.ActiveCfg = Debug|Win32
		{61BEAE13-5634-48D3-8C84-0AE42AB06A56}.Debug-Dll|x86.Build.0 = Debug|Win32
		{61BEAE13-5634-48D3-8C84-0AE42AB06A56}.Debug-Lib|x64.ActiveCfg = Debug|x64
		{61BEAE13-5634-48D3-8C84-0AE42AB06A56}.Debug-Lib|x64.Build.0 = Debug|x64
		{61BEAE13-5634-48D3-8C84-0AE42AB06A56}.Debug-Lib|x86.ActiveCfg = Debug|Win32
		{61BEAE13-5634-48D3-8C84-0AE42AB06A56}.Debug-Lib|x86.Build.0 = Debug|Win32
		{61BEAE13-5634-48D3-8C84-0AE42AB06A56}.Release|x64.ActiveCfg = Release|x64
		{61BEAE13-5634-48D3-8C84-0AE42AB06A56}.Release|x64.Build.0 = Release|x64
		{61BEAE13-5634-48D3-8C84-0AE42AB06A56}.Release|x86.ActiveCfg = Release|Win32
		{61BEAE13-5634-48D3-8C84-0AE42AB06A56}.Release|x86.Build.0 = Release|Win32
		{61BEAE13-5634-48D3-8C84-0AE42AB06A56}.Release-Dll|x64.ActiveCfg = Release|x64
		{61BEAE13-5634-48D3-8C84-0AE42AB06A56}.Release-Dll|x64.Build.0 = Release|x64
		{61BEAE13-5634-48D3-8C84-0AE42AB06A56}.Release-Dll|x86.ActiveCfg = Release|Win32
		{61BEAE13-5634-48D3-8C84-0AE42AB06A56}.Release-Dll|x86.Build.0 = Release|Win32
		{61BEAE13-5634-48D3-8C84-0AE42AB06A56}.Release-Lib|x64.ActiveCfg = Release|x64
		{61BEAE13-5634-48D3-8C84-0AE42AB06A56}.Release-Lib|x64.Build.0 = Release|x64
		{61BEAE13-5634-48D3-8C84-0AE42AB06A56}.Release-Lib|x86.ActiveCfg = Release|Win32
		{61BEAE13-5634-48D3-8C84-0AE42AB06A56}.Release-Lib|x86.Build.0 = Release|Win32
		{D1C528B6-AA02-4D29-9D61-DC08E317A70D}.Debug|x64.ActiveCfg = Debug-Lib|x64
		{D1C528B6-AA02-4D29-9D61-DC08E317A70D}.Debug|x64.Build.0 = Debug-Lib|x64
		{D1C528B6-AA02-4D29-9D61-DC08E317A70D}.Debug|x86.ActiveCfg = Debug-Lib|Win32
		{D1C528B6-AA02-4D29-9D61-DC08E317A70D}.Debug|x86.Build.0 = Debug-Lib|Win32
		{D1C528B6-AA02-4D29-9D61-DC08E317A70D}.Debug-Dll|x64.ActiveCfg = Debug-Dll|x64
		{D1C528B6-AA02-4D29-9D61-DC08E317A70D}.Debug-Dll|x64.Build.0 = Debug-Dll|x64
		{D1C528B6-AA02-4D29-9D61-DC08E317A70D}.Debug-Dll|x86.ActiveCfg = Debug-Dll|Win32
		{D1C528B6-AA02-4D29-9D61-DC08E317A70D}.Debug-Dll|x86.Build.0 = Debug-Dll|Win32
		{D1C528B6-AA02-4D29-9D61-DC08E317A70D}.Debug-Lib|x64.ActiveCfg = Debug-Lib|x64
		{D1C528B6-AA02-4D29-9D61-DC08E317A70D}.Debug-Lib|x64.Build.0 = Debug-Lib|x64
		{D1C528B6-AA02-4D29-9D61-DC08E317A70D}.Debug-Lib|x86.ActiveCfg = Debug-Lib|Win32
		{D1C528B6-AA02-4D29-9D61-DC08E317A70D}.Debug-Lib|x86.Build.0 = Debug-Lib|Win32
		{D1C528B6-AA02-4D29-9D61-DC08E317A70D}.Release|x64.ActiveCfg = Release-Lib|x64
		{D1C528B6-AA02-4D29-9D61-DC08E317A70D}.Release|x64.Build.0 = Release-Lib|x64
		{D1C528B6-AA02-4D29-9D61-DC08E317A70D}.Release|x86.ActiveCfg = Release-Lib|Win32
		{D1C528B6-AA02-4D29-9D61-DC08E317A70D}.Release|x86.Build.0 = Release-Lib|Win32
		{D1C528B6-AA02-4D29-9D61-DC08E317A70D}.Release-Dll|x64.ActiveCfg = Release-Dll|x64
		{D1C528B6-AA02-4D29-9D61-DC08E317A70D}.Release-Dll|x64.Build.0 = Release-Dll|x64
		{D1C528B6-AA02-4D29-9D61-DC08E317A70D}.Release-Dll|x86.ActiveCfg = Release-Dll|Win32
		{D1C528B6-AA02-4D29-9D61-DC08E317A70D}.Release-Dll|x86.Build.0 = Release-Dll|Win32
		{D1C528B6-AA02-4D29-9D61-DC08E317A70D}.Release-Lib|x64.ActiveCfg = Release-Lib|x64
		{D1C528B6-AA02-4D29-9D61-DC08E317A70D}.Release-Lib|x64.Build.0 = Release-Lib|x64
		{D1C528B6-AA02-4D29-9D61-DC08E317A70D}.Release-Lib|x86.ActiveCfg = Release-Lib|Win32
		{D1C528B6-AA02-4D29-9D61-DC08E317A70D}.Release-Lib|x86.Build.0 = Release-Lib|Win32
		{7545A96C-586A-41D4-BECE-2B1208F0AA8B}.Debug|x64.ActiveCfg = Debug|x64
		{7545A96C-586A-41D4-BECE-2B1208F0AA8B}.Debug|x64.Build.0 = Debug|x64
		{7545A96C-586A-41D4-BECE-2B1208F0AA8B}.Debug|x86.ActiveCfg = Debug|Win32
		{7545A96C-586A-41D4-BECE-2B1208F0AA8B}.Debug|x86.Build.0 = Debug|Win32
		{7545A96C-586A-41D4-BECE-2B1208F0AA8B}.Debug-Dll|x64.ActiveCfg = Debug|x64
		{7545A96C-586A-41D4-BECE-2B1208F0AA8B}.Debug-Dll|x64.Build.0 = Debug|x64
		{7545A96C-586A-41D4-BECE-2B1208F0AA8B}.Debug-Dll|x86.ActiveCfg = Debug|Win32
		{7545A96C-586A-41D4-BECE-2B1208F0AA8B}.Debug-Dll|x86.Build.0 = Debug|Win32
		{7545A96C-586A-41D4-BECE-2B1208F0AA8B}.Debug-Lib|x64.ActiveCfg = Debug|x64
		{7545A96C-586A-41D4-BECE-2B1208F0AA8B}.Debug-Lib|x64.Build.0 = Debug|x64
		{7545A96C-586A-41D4-BECE-2B1208F0AA8B}.Debug-Lib|x86.ActiveCfg = Debug|Win32
		{7545A96C-586A-41D4-BECE-2B1208F0AA8B}.Debug-Lib|x86.Build.0 = Debug|Win32
		{7545A96C-586A-41D4-BECE-2B1208F0AA8B}.Release|x64.ActiveCfg = Release|x64
		{7545A96C-586A-41D4-BECE-2B1208F0AA8B}.Release|x64.Build.0 = Release|x64
		{7545A96C-586A-41D4-BECE-2B1208F0AA8B}.Release|x86.ActiveCfg = Release|Win32
		{7545A96C-586A-41D4-BECE-2B1208F0AA8B}.Release|x86.Build.0 = Release|Win32
		{7545A96C-586A-41D4-BECE-2B1208F0AA8B}.Release-Dll|x64.ActiveCfg = Release|x64
		{7545A96C-586A-41D4-BECE-2B1208F0AA8B}.Release-Dll|x64.Build.0 = Release|x64
		{7545A96C-586A-41D4-BECE-2B1208F0AA8B}.Release-Dll|x86.ActiveCfg = Release|Win32
		{7545A96C-586A-41D4-BECE-2B1208F0AA8B}.Release-Dll|x86.Build.0 = Release|Win32
		{7545A96C-586A-41D4-BECE-2B1208F0AA8B}.Release-Lib|x64.ActiveCfg = Release|x64
		{7545A96C-586A-41D4-BECE-2B1208F0AA8B}.Release-Lib|x64.Build.0 = Release|x64
		{7545A96C-586A-41D4-BECE-2B1208F0AA8B}.Release-Lib|x86.ActiveCfg = Release|Win32
		{7545A96C-586A-41D4-BECE-2B1208F0AA8B}.Release-Lib|x86.Build.0 = Release|Win32
		{D01800E3-2EF9-4232-A4E1-4EF2AA5CD8B0}.Debug|x64.ActiveCfg = Debug|x64
		{D01800E3-2EF9-4232-A4E1-4EF2AA5CD8B0}.Debug|x64.Build.0 = Debug|x64
		{D01800E3-2EF9-4232-A4E1-4EF2AA5CD8B0}.Debug|x86.ActiveCfg = Debug|Win32
		{D01800E3-2EF9-4232-A4E1-4EF2AA5CD8B0}.Debug|x86.Build.0 = Debug|Win32
		{D01800E3-2EF9-4232-A4E1-4EF2AA5CD8B0}.Debug-Dll|x64.ActiveCfg = Debug|x64
		{D01800E3-2EF9-4232-A4E1-4EF2AA5CD8B0}.Debug-Dll|x64.Build.0 = Debug|x64
		{D01800E3-2EF9-4232-A4E1-4EF2AA5CD8B0}.Debug-Dll|x86.ActiveCfg = Debug|Win32
		{D01800E3-2EF9-4232-A4E1-4EF2AA5CD8B0}.Debug-Dll|x86.Build.0 = Debug|Win32
		{D01800E3-2EF9-4232-A4E1-4EF2AA5CD8B0}.Debug-Lib|x64.ActiveCfg = Debug|x64
		{D01800E3-2EF9-4232-A4E1-4EF2AA5CD8B0}.Debug-Lib|x64.Build.0 = Debug|x64
		{D01800E3-2EF9-4232-A4E1-4EF2AA5CD8B0}.Debug-Lib|x86.ActiveCfg = Debug|Win32
		{D01800E3-2EF9-4232-A4E1-4EF2AA5CD8B0}.Debug-Lib|x86.Build.0 = Debug|Win32
		{D01800E3-2EF9-4232-A4E1-4EF2AA5CD8B0}.Release|x64.ActiveCfg = Release|x64
		{D01800E3-2EF9-4232-A4E1-4EF2AA5CD8B0}.Release|x64.Build.0 = Release|x64
		{D01800E3-2EF9-4232-A4E1-4EF2AA5CD8B0}.Release|x86.ActiveCfg = Release|Win32
		{D01800E3-2EF9-4232-A4E1-4EF2AA5CD8B0}.Release|x86.Build.0 = Release|Win32
		{D01800E3-2EF9-4232-A4E1-4EF2AA5CD8B0}.Release-Dll|x64.ActiveCfg = Release|x64
		{D01800E3-2EF9-4232-A4E1-4EF2AA5CD8B0}.Release-Dll|x64.Build.0 = Release|x64
		{D01800E3-2EF9-4232-A4E1-4EF2AA5CD8B0}.Release-Dll|x86.ActiveCfg = Release|Win32
		{D01800E3-2EF9-4232-A4E1-4EF2AA5CD8B0}.Release-Dll|x86.Build.0 = Release|Win32
		{D01800E3-2EF9-4232-A4E1-4EF2AA5CD8B0}.Release-Lib|x64.ActiveCfg = Release|x64
		{D01800E3-2EF9-4232-A4E1-4EF2AA5CD8B0}.Release-Lib|x64.Build.0 = Release|x64
		{D01800E3-2EF9-4232-A4E1-4EF2AA5CD8B0}.Release-Lib|x86.ActiveCfg = Release|Win32
		{D01800E3-2EF9-4232-A4E1-4EF2AA5CD8B0}.Release-Lib|x86.Build.0 = Release|Win32
		{55323D24-4468-4722-87CF-DC1236B6DB11}.Debug|x64.ActiveCfg = Debug|x64
		{55323D24-4468-4722-87CF-DC1236B6DB11}.Debug|x64.Build.0 = Debug|x64
		{55323D24-4468-4722-87CF-DC1236B6DB11}.Debug|x86.ActiveCfg = Debug|Win32
		{55323D24-4468-4722-87CF-DC1236B6DB11}.Debug|x86.Build.0 = Debug|Win32
		{55323D24-4468-4722-87CF-DC1236B6DB11}.Debug-Dll|x64.ActiveCfg = Debug|x64
		{55323D24-4468-4722-87CF-DC1236B6DB11}.Debug-Dll|x64.Build.0 = Debug|x64
		{55323D24-4468-4722-87CF-DC1236B6DB11}.Debug-Dll|x86.ActiveCfg = Debug|Win32
		{55323D24-4468-4722-87CF-DC1236B6DB11}.Debug-Dll|x86.Build.0 = Debug|Win32
		{55323D24-4468-4722-87CF-DC1236B6DB11}.Debug-Lib|x64.ActiveCfg = Debug|x64
		{55323D24-4468-4722-87CF-DC1236B6DB11}.Debug-Lib|x64.Build.0 = Debug|x64
		{55323D24-4468-4722-87CF-DC1236B6DB11}.Debug-Lib|x86.ActiveCfg = Debug|Win32
		{55323D24-4468-4722-87CF-DC1236B6DB11}.Debug-Lib|x86.Build.0 = Debug|Win32
		{55323D24-4468-4722-87CF-DC1236B6DB11}.Release|x64.ActiveCfg = Release|x64
		{55323D24-4468-4722-87CF-DC1236B6DB11}.Release|x64.Build.0 = Release|x64
		{55323D24-4468-4722-87CF-DC1236B6DB11}.Release|x86.ActiveCfg = Release|Win32
		{55323D24-4468-4722-87CF-DC1236B6DB11}.Release|x86.Build.0 = Release|Win32
		{55323D24-4468-4722-87CF-DC1236B6DB11}.Release-Dll|x64.ActiveCfg = Release|x64
		{55323D24-4468-4722-87CF-DC1236B6DB11}.Release-Dll|x64.Build.0 = Release|x64
		{55323D24-4468-4722-87CF-DC1236B6DB11}.Release-Dll|x86.ActiveCfg = Release|Win32
		{55323D24-4468-4722-87CF-DC1236B6DB11}.Release-Dll|x86.Build.0 = Release|Win32
		{55323D24-4468-4722-87CF-DC1236B6DB11}.Release-Lib|x64.ActiveCfg = Release|x64
		{55323D24-4468-4722-87CF-DC1236B6DB11}.Release-Lib|x64.Build.0 = Release|x64
		{55323D24-4468-4722-87CF-DC1236B6DB11}.Release-Lib|x86.ActiveCfg = Release|Win32
		{55323D24-4468-4722-87CF-DC1236B6DB11}.Release-Lib|x86.Build.0 = Release|Win32
		{7D6115A3-D319-46BF-B3FA-3DF7AD8C31FA}.Debug|x64.ActiveCfg = Debug|x64
		{7D6115A3-D319-46BF-B3FA-3DF7AD8C31FA}.Debug|x64.Build.0 = Debug|x64
		{7D6115A3-D319-46BF-B3FA-3DF7AD8C31FA}.Debug|x86.ActiveCfg = Debug|Win32
		{7D6115A3-D319-46BF-B3FA-3DF7AD8C31FA}.Debug|x86.Build.0 = Debug|Win32
		{7D6115A3-D319-46BF-B3FA-3DF7AD8C31FA}.Debug-Dll|x64.ActiveCfg = Debug|x64
		{7D6115A3-D319-46BF-B3FA-3DF7AD8C31FA}.Debug-Dll|x64.Build.0 = Debug|x64
		{7D6115A3-D319-46BF-B3FA-3DF7AD8C31FA}.Debug-Dll|x86.ActiveCfg = Debug|Win32
		{7D6115A3-D319-46BF-B3FA-3DF7AD8C31FA}.Debug-Dll|x86.Build.0 = Debug|Win32
		{7D6115A3-D319-46BF-B3FA-3DF7AD8C31FA}.Debug-Lib|x64.ActiveCfg = Debug|x64
		{7D6115A3-D319-46BF-B3FA-3DF7AD8C31FA}.Debug-Lib|x64.Build.0 = Debug|x64
		{7D6115A3-D319-46BF-B3FA-3DF7AD8C31FA}.Debug-Lib|x86.ActiveCfg = Debug|Win32
		{7D6115A3-D319-46BF-B3FA-3DF7AD8C31FA}.Debug-Lib|x86.Build.0 = Debug|Win32
		{7D6115A3-D319-46BF-B3FA-3DF7AD8C31FA}.Release|x64.ActiveCfg = Release|x64
		{7D6115A3-D319-46BF-B3FA-3DF7AD8C31FA}.Release|x64.Build.0 = Release|x64
		{7D6115A3-D319-46BF-B3FA-3DF7AD8C31FA}.Release|x86.ActiveCfg = Release|Win32
		{7D6115A3-D319-46BF-B3FA-3DF7AD8C31FA}.Release|x86.Build.0 = Release|Win32
		{7D6115A3-D319-46BF-B3FA-3DF7AD8C31FA}.Release-Dll|x64.ActiveCfg = Release|x64
		{7D6115A3-D319-46BF-B3FA-3DF7AD8C31FA}.Release-Dll|x64.Build.0 = Release|x64
		{7D6115A3-D319-46BF-B3FA-3DF7AD8C31FA}.Release-Dll|x86.ActiveCfg = Release|Win32
		{7D6115A3-D319-46BF-B3FA-3DF7AD8C31FA}.Release-Dll|x86.Build.0 = Release|Win32
		{7D6115A3-D319-46BF-B3FA-3DF7AD8C31FA}.Release-Lib|x64.ActiveCfg = Release|x64
		{7D6115A3-D319-46BF-B3FA-3DF7AD8C31FA}.Release-Lib|x64.Build.0 = Release|x64
		{7D6115A3-D319-46BF-B3FA-3DF7AD8C31FA}.Release-Lib|x86.ActiveCfg = Release|Win32
		{7D6115A3-D319-46BF-B3FA-3DF7AD8C31FA}.Release-Lib|x86.Build.0 = Release|Win32
		{DE17E2C2-8164-438A-AAD7-AC55F79D73A9}.Debug|x64.ActiveCfg = Debug|x64
		{DE17E2C2-8164-438A-AAD7-AC55F79D73A9}.Debug|x64.Build.0 = Debug|x64
		{DE17E2C2-8164-438A-AAD7-AC55F79D73A9}.Debug|x86.ActiveCfg = Debug|Win32
		{DE17E2C2-8164-438A-AAD7-AC55F79D73A9}.Debug|x86.Build.0 = Debug|Win32
		{DE17E2C2-8164-438A-AAD7-AC55F79D73A9}.Debug-Dll|x64.ActiveCfg = Debug|x64
		{DE17E2C2-8164-438A-AAD7-AC55F79D73A9}.Debug-Dll|x64.Build.0 = Debug|x64
		{DE17E2C2-8164-438A-AAD7-AC55F79D73A9}.Debug-Dll|x86.ActiveCfg = Debug|Win32
		{DE17E2C2-8164-438A-AAD7-AC55F79D73A9}.Debug-Dll|x86.Build.0 = Debug|Win32
		{DE17E2C2-8164-438A-AAD7-AC55F79D73A9}.Debug-Lib|x64.ActiveCfg = Debug|x64
		{DE17E2C2-8164-438A-AAD7-AC55F79D73A9}.Debug-Lib|x64.Build.0 = Debug|x64
		{DE17E2C2-8164-438A-AAD7-AC55F79D73A9}.Debug-Lib|x86.ActiveCfg = Debug|Win32
		{DE17E2C2-8164-438A-AAD7-AC55F79D73A9}.Debug-Lib|x86.Build.0 = Debug|Win32
		{DE17E2C2-8164-438A-AAD7-AC55F79D73A9}.Release|x64.ActiveCfg = Release|x64
		{DE17E2C2-8164-438A-AAD7-AC55F79D73A9}.Release|x64.Build.0 = Release|x64
		{DE17E2C2-8164-438A-AAD7-AC55F79D73A9}.Release|x86.ActiveCfg = Release|Win32
		{DE17E2C2-8164-438A-AAD7-AC55F79D73A9}.Release|x86.Build.0 = Release|Win32
		{DE17E2C2-8164-438A-AAD7-AC55F79D73A9}.Release-Dll|x64.ActiveCfg = Release|x64
		{DE17E2C2-8164-438A-AAD7-AC55F79D73A9}.Release-Dll|x64.Build.0 = Release|x64
		{DE17E2C2-8164-438A-AAD7-AC55F79D73A9}.Release-Dll|x86.ActiveCfg = Release|Win32
		{DE17E2C2-8164-438A-AAD7-AC55F79D73A9}.Release-Dll|x86.Build.0 = Release|Win32
		{DE17E2C2-8164-438A-AAD7-AC55F79D73A9}.Release-Lib|x64.ActiveCfg = Release|x64
		{DE17E2C2-8164-438A-AAD7-AC55F79D73A9}.Release-Lib|x64.Build.0 = Release|x64
		{DE17E2C2-8164-438A-AAD7-AC55F79D73A9}.Release-Lib|x86.ActiveCfg = Release|Win32
		{DE17E2C2-8164-438A-AAD7-AC55F79D73A9}.Release-Lib|x86.Build.0 = Release|Win32
		{24DDDBBA-D9A6-484D-B9E2-EA2442C7C2F4}.Debug|x64.ActiveCfg = Debug|x64
		{24DDDBBA-D9A6-484D-B9E2-EA2442C7C2F4}.Debug|x64.Build.0 = Debug|x64
		{24DDDBBA-D9A6-484D-B9E2-EA2442C7C2F4}.Debug|x86.ActiveCfg = Debug|Win32
		{24DDDBBA-D9A6-484D-B9E2-EA2442C7C2F4}.Debug|x86.Build.0 = Debug|Win32
		{24DDDBBA-D9A6-484D-B9E2-EA2442C7C2F4}.Debug-Dll|x64.ActiveCfg = Debug|x64
		{24DDDBBA-D9A6-484D-B9E2-EA2442C7C2F4}.Debug-Dll|x64.Build.0 = Debug|x64
		{24DDDBBA-D9A6-484D-B9E2-EA2442C7C2F4}.Debug-Dll|x86.ActiveCfg = Debug|Win32
		{24DDDBBA-D9A6-484D-B9E2-EA2442C7C2F4}.Debug-Dll|x86.Build.0 = Debug|Win32
		{24DDDBBA-D9A6-484D-B9E2-EA2442C7C2F4}.Debug-Lib|x64.ActiveCfg = Debug|x64
		{24DDDBBA-D9A6-484D-B9E2-EA2442C7C2F4}.Debug-Lib|x64.Build.0 = Debug|x64
		{24DDDBBA-D9A6-484D-B9E2-EA2442C7C2F4}.Debug-Lib|x86.ActiveCfg = Debug|Win32
		{24DDDBBA-D9A6-484D-B9E2-EA2442C7C2F4}.Debug-Lib|x86.Build.0 = Debug|Win32
		{24DDDBBA-D9A6-484D-B9E2-EA2442C7C2F4}.Release|x64.ActiveCfg = Release|x64
		{24DDDBBA-D9A6-484D-B9E2-EA2442C7C2F4}.Release|x64.Build.0 = Release|x64
		{24DDDBBA-D9A6-484D-B9E2-EA2442C7C2F4}.Release|x86.ActiveCfg = Release|Win32
		{24DDDBBA-D9A6-484D-B9E2-EA2442C7C2F4}.Release|x86.Build.0 = Release|Win32
		{24DDDBBA-D9A6-484D-B9E2-EA2442C7C2F4}.Release-Dll|x64.ActiveCfg = Release|x64
		{24DDDBBA-D9A6-484D-B9E2-EA2442C7C2F4}.Release-Dll|x64.Build.0 = Release|x64
		{24DDDBBA-D9A6-484D-B9E2-EA2442C7C2F4}.Release-Dll|x86.ActiveCfg = Release|Win32
		{24DDDBBA-D9A6-484D-B9E2-EA2442C7C2F4}.Release-Dll|x86.Build.0 = Release|Win32
		{24DDDBBA-D9A6-484D-B9E2-EA2442C7C2F4}.Release-Lib|x64.ActiveCfg = Release|x64
		{24DDDBBA-D9A6-484D-B9E2-EA2442C7C2F4}.Release-Lib|x64.Build.0 = Release|x64
		{24DDDBBA-D9A6-484D-B9E2-EA2442C7C2F4}.Release-Lib|x86.ActiveCfg = Release|Win32
		{24DDDBBA-D9A6-484D-B9E2-EA2442C7C2F4}.Release-Lib|x86.Build.0 = Release|Win32
	EndGlobalSection
	GlobalSection(SolutionProperties) = preSolution
		HideSolutionNode = FALSE
	EndGlobalSection
	GlobalSection(NestedProjects) = preSolution
		{D1C528B6-AA02-4D29-9D61-DC08E317A70D} = {FA1ED730-941A-47B0-9B14-A0AB935E71A2}
		{7545A96C-586A-41D4-BECE-2B1208F0AA8B} = {0AF97702-E4B9-4FA9-B42E-076383E9884A}
		{55323D24-4468-4722-87CF-DC1236B6DB11} = {0AF97702-E4B9-4FA9-B42E-076383E9884A}
		{DE17E2C2-8164-438A-AAD7-AC55F79D73A9} = {567A770D-752D-4F3C-AD2A-EDAC939A1341}
		{24DDDBBA-D9A6-484D-B9E2-EA2442C7C2F4} = {567A770D-752D-4F3C-AD2A-EDAC939A1341}
	EndGlobalSection
EndGlobal
