<?xml version="1.0" encoding="utf-8"?>
<Project ToolsVersion="4.0" xmlns="http://schemas.microsoft.com/developer/msbuild/2003">
  <ItemGroup>
    <Filter Include="Fichiers de ressources">
      <UniqueIdentifier>{67DA6AB6-F800-4c08-8B7A-83BB121AAD01}</UniqueIdentifier>
      <Extensions>rc;ico;cur;bmp;dlg;rc2;rct;bin;rgs;gif;jpg;jpeg;jpe;resx;tiff;tif;png;wav;mfcribbon-ms</Extensions>
    </Filter>
    <Filter Include="misc">
      <UniqueIdentifier>{12fee49e-2c02-4d45-9ac4-a6708613eafb}</UniqueIdentifier>
    </Filter>
    <Filter Include="Camera">
      <UniqueIdentifier>{130285c2-47ae-4e52-bb9a-477487461a4d}</UniqueIdentifier>
    </Filter>
    <Filter Include="Renderables">
      <UniqueIdentifier>{c3f694d9-55b6-4e61-b7e0-e70160c82de7}</UniqueIdentifier>
    </Filter>
    <Filter Include="Maths">
      <UniqueIdentifier>{d842dc9a-0a00-453a-bde6-4a62d3be72e5}</UniqueIdentifier>
    </Filter>
  </ItemGroup>
  <ItemGroup>
    <ClInclude Include="CoreFx.h" />
    <ClInclude Include="Shader.h" />
    <ClInclude Include="stdafx.h">
      <Filter>misc</Filter>
    </ClInclude>
    <ClInclude Include="targetver.h">
      <Filter>misc</Filter>
    </ClInclude>
    <ClInclude Include="FreeCamera.h">
      <Filter>Camera</Filter>
    </ClInclude>
    <ClInclude Include="CameraBase.h">
      <Filter>Camera</Filter>
    </ClInclude>
    <ClInclude Include="TargetCamera.h">
      <Filter>Camera</Filter>
    </ClInclude>
    <ClInclude Include="Renderables\RenderableObject.h">
      <Filter>Renderables</Filter>
    </ClInclude>
    <ClInclude Include="Renderables\Grid.h">
      <Filter>Renderables</Filter>
    </ClInclude>
    <ClInclude Include="Maths\Quaternion.h">
      <Filter>Maths</Filter>
    </ClInclude>
  </ItemGroup>
  <ItemGroup>
    <ClCompile Include="Shader.cpp" />
    <ClCompile Include="stdafx.cpp">
      <Filter>misc</Filter>
    </ClCompile>
    <ClCompile Include="FreeCamera.cpp">
      <Filter>Camera</Filter>
    </ClCompile>
    <ClCompile Include="CameraBase.cpp">
      <Filter>Camera</Filter>
    </ClCompile>
    <ClCompile Include="TargetCamera.cpp">
      <Filter>Camera</Filter>
    </ClCompile>
    <ClCompile Include="Renderables\RenderableObject.cpp">
      <Filter>Renderables</Filter>
    </ClCompile>
    <ClCompile Include="Renderables\Grid.cpp">
      <Filter>Renderables</Filter>
    </ClCompile>
    <ClCompile Include="Maths\Quaternion.cpp">
      <Filter>Maths</Filter>
    </ClCompile>
  </ItemGroup>
  <ItemGroup>
    <None Include="packages.config">
      <Filter>misc</Filter>
    </None>
  </ItemGroup>
  <ItemGroup>
    <Text Include="ReadMe.txt">
      <Filter>misc</Filter>
    </Text>
  </ItemGroup>
</Project>