<?xml version="1.0" encoding="utf-8"?>
<Project ToolsVersion="4.0" xmlns="http://schemas.microsoft.com/developer/msbuild/2003">
  <ItemGroup>
    <Filter Include="Fichiers de ressources">
      <UniqueIdentifier>{67DA6AB6-F800-4c08-8B7A-83BB121AAD01}</UniqueIdentifier>
      <Extensions>rc;ico;cur;bmp;dlg;rc2;rct;bin;rgs;gif;jpg;jpeg;jpe;resx;tiff;tif;png;wav;mfcribbon-ms</Extensions>
    </Filter>
    <Filter Include="misc">
      <UniqueIdentifier>{12fee49e-2c02-4d45-9ac4-a6708613eafb}</UniqueIdentifier>
    </Filter>
    <Filter Include="Renderables">
      <UniqueIdentifier>{c3f694d9-55b6-4e61-b7e0-e70160c82de7}</UniqueIdentifier>
    </Filter>
    <Filter Include="Maths">
      <UniqueIdentifier>{d842dc9a-0a00-453a-bde6-4a62d3be72e5}</UniqueIdentifier>
    </Filter>
    <Filter Include="Shaders">
      <UniqueIdentifier>{83a918bf-782a-4e91-af21-f33516218c7c}</UniqueIdentifier>
      <Extensions>vert;frag</Extensions>
    </Filter>
  </ItemGroup>
  <ItemGroup>
    <ClInclude Include="CoreFx.h" />
    <ClInclude Include="Shader.h" />
    <ClInclude Include="stdafx.h">
      <Filter>misc</Filter>
    </ClInclude>
    <ClInclude Include="targetver.h">
      <Filter>misc</Filter>
    </ClInclude>
    <ClInclude Include="Renderables\RenderableObject.h">
      <Filter>Renderables</Filter>
    </ClInclude>
    <ClInclude Include="Renderables\Grid.h">
      <Filter>Renderables</Filter>
    </ClInclude>
    <ClInclude Include="Frame.h" />
    <ClInclude Include="SceneObject.h" />
    <ClInclude Include="Camera.h" />
    <ClInclude Include="Renderables\Cube.h">
      <Filter>Renderables</Filter>
    </ClInclude>
    <ClInclude Include="TextureManager.h" />
    <ClInclude Include="Texture2D.h" />
    <ClInclude Include="Engine.h" />
  </ItemGroup>
  <ItemGroup>
    <ClCompile Include="Shader.cpp" />
    <ClCompile Include="stdafx.cpp">
      <Filter>misc</Filter>
    </ClCompile>
    <ClCompile Include="Renderables\Grid.cpp">
      <Filter>Renderables</Filter>
    </ClCompile>
    <ClCompile Include="Frame.cpp" />
    <ClCompile Include="SceneObject.cpp" />
    <ClCompile Include="Camera.cpp" />
    <ClCompile Include="Renderables\Cube.cpp">
      <Filter>Renderables</Filter>
    </ClCompile>
    <ClCompile Include="TextureManager.cpp" />
    <ClCompile Include="Texture2D.cpp" />
    <ClCompile Include="Engine.cpp" />
  </ItemGroup>
  <ItemGroup>
    <None Include="packages.config">
      <Filter>misc</Filter>
    </None>
    <None Include="..\Data\Shaders\flat.frag">
      <Filter>Shaders</Filter>
    </None>
    <None Include="..\Data\Shaders\flat.vert">
      <Filter>Shaders</Filter>
    </None>
    <None Include="..\Data\Shaders\grid_shader.frag">
      <Filter>Shaders</Filter>
    </None>
    <None Include="..\Data\Shaders\grid_shader.vert">
      <Filter>Shaders</Filter>
    </None>
    <None Include="..\Data\Shaders\LoadImage_shader.frag">
      <Filter>Shaders</Filter>
    </None>
    <None Include="..\Data\Shaders\LoadImage_shader.vert">
      <Filter>Shaders</Filter>
    </None>
    <None Include="..\Data\Shaders\mesh_shader.frag">
      <Filter>Shaders</Filter>
    </None>
    <None Include="..\Data\Shaders\mesh_shader.vert">
      <Filter>Shaders</Filter>
    </None>
    <None Include="..\Data\Shaders\Ripple_shader.frag">
      <Filter>Shaders</Filter>
    </None>
    <None Include="..\Data\Shaders\Ripple_shader.vert">
      <Filter>Shaders</Filter>
    </None>
    <None Include="..\Data\Shaders\SimpleTriangle_shader.frag">
      <Filter>Shaders</Filter>
    </None>
    <None Include="..\Data\Shaders\SimpleTriangle_shader.vert">
      <Filter>Shaders</Filter>
    </None>
    <None Include="..\Data\Shaders\SubdivisionGeometry_Shader.frag">
      <Filter>Shaders</Filter>
    </None>
    <None Include="..\Data\Shaders\SubdivisionGeometry_Shader.geom">
      <Filter>Shaders</Filter>
    </None>
    <None Include="..\Data\Shaders\SubdivisionGeometry_Shader.vert">
      <Filter>Shaders</Filter>
    </None>
    <None Include="..\Data\Shaders\SubdivisionGeometryInstanced_shader.frag">
      <Filter>Shaders</Filter>
    </None>
    <None Include="..\Data\Shaders\SubdivisionGeometryInstanced_shader.geom">
      <Filter>Shaders</Filter>
    </None>
    <None Include="..\Data\Shaders\SubdivisionGeometryInstanced_shader.vert">
      <Filter>Shaders</Filter>
    </None>
    <None Include="..\Data\Shaders\cube_shader.frag">
      <Filter>Shaders</Filter>
    </None>
    <None Include="..\Data\Shaders\cube_shader.vert">
      <Filter>Shaders</Filter>
    </None>
  </ItemGroup>
  <ItemGroup>
    <Text Include="ReadMe.txt">
      <Filter>misc</Filter>
    </Text>
  </ItemGroup>
</Project>