<?xml version="1.0" encoding="utf-8"?>
<Project ToolsVersion="4.0" xmlns="http://schemas.microsoft.com/developer/msbuild/2003">
  <ItemGroup>
    <Filter Include="Fichiers de ressources">
      <UniqueIdentifier>{67DA6AB6-F800-4c08-8B7A-83BB121AAD01}</UniqueIdentifier>
      <Extensions>rc;ico;cur;bmp;dlg;rc2;rct;bin;rgs;gif;jpg;jpeg;jpe;resx;tiff;tif;png;wav;mfcribbon-ms</Extensions>
    </Filter>
    <Filter Include="misc">
      <UniqueIdentifier>{12fee49e-2c02-4d45-9ac4-a6708613eafb}</UniqueIdentifier>
    </Filter>
    <Filter Include="Renderables">
      <UniqueIdentifier>{c3f694d9-55b6-4e61-b7e0-e70160c82de7}</UniqueIdentifier>
    </Filter>
    <Filter Include="Maths">
      <UniqueIdentifier>{d842dc9a-0a00-453a-bde6-4a62d3be72e5}</UniqueIdentifier>
    </Filter>
    <Filter Include="Shaders">
      <UniqueIdentifier>{83a918bf-782a-4e91-af21-f33516218c7c}</UniqueIdentifier>
      <Extensions>vert;frag;geom;glsl</Extensions>
    </Filter>
    <Filter Include="Geometry">
      <UniqueIdentifier>{fe18b7ec-9555-4105-9565-e155b49cd69c}</UniqueIdentifier>
    </Filter>
    <Filter Include="Renderers">
      <UniqueIdentifier>{514bd27b-42db-451c-a7f6-9c1fd8bc6a3a}</UniqueIdentifier>
    </Filter>
    <Filter Include="Lights">
      <UniqueIdentifier>{abcd24eb-1b80-4b65-8479-406fe5eb4f22}</UniqueIdentifier>
    </Filter>
    <Filter Include="Log">
      <UniqueIdentifier>{20fe9843-0ea0-46bc-b031-180e0f80dbee}</UniqueIdentifier>
    </Filter>
    <Filter Include="Renderers\PreethamScatter">
      <UniqueIdentifier>{70c8aa8e-364c-4e8e-b658-4766b7715138}</UniqueIdentifier>
    </Filter>
    <Filter Include="Renderers\Text2D">
      <UniqueIdentifier>{2d2d61f2-3203-4551-b068-cf8c0e56e6cc}</UniqueIdentifier>
    </Filter>
    <Filter Include="Renderers\PerlinNoiseOcean">
      <UniqueIdentifier>{a493e601-fd7f-4026-89e1-e03e7e7e9b95}</UniqueIdentifier>
    </Filter>
    <Filter Include="Renderers\GerstnerWaves">
      <UniqueIdentifier>{e34da265-e078-4b60-b6da-0cbc9671477f}</UniqueIdentifier>
    </Filter>
    <Filter Include="Shaders\Incl">
      <UniqueIdentifier>{82666ba7-9faa-4971-97b1-ad8dc4b5cf1f}</UniqueIdentifier>
    </Filter>
    <Filter Include="Shaders\Terrain">
      <UniqueIdentifier>{c41447ca-4260-4c20-859f-ca8934ae180a}</UniqueIdentifier>
    </Filter>
    <Filter Include="Shaders\Sky">
      <UniqueIdentifier>{421dc1a2-446a-48e5-ab65-2db3880328f8}</UniqueIdentifier>
    </Filter>
    <Filter Include="Shaders\Ocean">
      <UniqueIdentifier>{1e0afd85-d270-41e2-bf92-9f65efc7cebd}</UniqueIdentifier>
    </Filter>
    <Filter Include="Shaders\Debug">
      <UniqueIdentifier>{9e4b227a-1b35-46da-bce6-03f3e96719d7}</UniqueIdentifier>
    </Filter>
    <Filter Include="Shaders\Deferred">
      <UniqueIdentifier>{38f02f50-c664-4e1a-9fe2-87cef2e105a4}</UniqueIdentifier>
    </Filter>
    <Filter Include="Shaders\Model">
      <UniqueIdentifier>{483528d2-529c-415c-8226-2c0a0ceb40b3}</UniqueIdentifier>
    </Filter>
    <Filter Include="Renderers\DeepOcean">
      <UniqueIdentifier>{6267aa42-6702-4a81-b0b4-9c3077e02aac}</UniqueIdentifier>
    </Filter>
    <Filter Include="Renderers\DebugTools">
      <UniqueIdentifier>{2bf81a86-9492-445a-ba6d-05c43eaa4a31}</UniqueIdentifier>
    </Filter>
    <Filter Include="Shaders\SSAO">
      <UniqueIdentifier>{1db766f4-21cb-40d0-bbad-0ceb0bd87ac6}</UniqueIdentifier>
    </Filter>
    <Filter Include="Shaders\Text2D">
      <UniqueIdentifier>{f4956014-1d59-4e3c-84cb-f2cc3576df0e}</UniqueIdentifier>
    </Filter>
  </ItemGroup>
  <ItemGroup>
    <ClInclude Include="CoreFx.h" />
    <ClInclude Include="Shader.h" />
    <ClInclude Include="stdafx.h">
      <Filter>misc</Filter>
    </ClInclude>
    <ClInclude Include="targetver.h">
      <Filter>misc</Filter>
    </ClInclude>
    <ClInclude Include="Renderables\Grid.h">
      <Filter>Renderables</Filter>
    </ClInclude>
    <ClInclude Include="Frame.h" />
    <ClInclude Include="SceneObject.h" />
    <ClInclude Include="Camera.h" />
    <ClInclude Include="TextureManager.h" />
    <ClInclude Include="Texture2D.h" />
    <ClInclude Include="Engine.h" />
    <ClInclude Include="Renderables\Axis.h">
      <Filter>Renderables</Filter>
    </ClInclude>
    <ClInclude Include="Macros.h" />
    <ClInclude Include="InstanceContainer.h" />
    <ClInclude Include="Renderer.h" />
    <ClInclude Include="Renderers\RendererHelper.h">
      <Filter>Renderers</Filter>
    </ClInclude>
    <ClInclude Include="Renderers\GridRenderer.h">
      <Filter>Renderers</Filter>
    </ClInclude>
    <ClInclude Include="Renderers\AxisRenderer.h">
      <Filter>Renderers</Filter>
    </ClInclude>
    <ClInclude Include="Lights\Light.h">
      <Filter>Lights</Filter>
    </ClInclude>
    <ClInclude Include="Lights\PointLight.h">
      <Filter>Lights</Filter>
    </ClInclude>
    <ClInclude Include="Lights\DirectionalLight.h">
      <Filter>Lights</Filter>
    </ClInclude>
    <ClInclude Include="TextureBuffer.h" />
    <ClInclude Include="Maths\DualQuaternion.h">
      <Filter>Maths</Filter>
    </ClInclude>
    <ClInclude Include="PropertyData.h" />
    <ClInclude Include="Renderables\VertexArrayObject.h">
      <Filter>Renderables</Filter>
    </ClInclude>
    <ClInclude Include="Lights\SpotLight.h">
      <Filter>Lights</Filter>
    </ClInclude>
    <ClInclude Include="Log\Logger.h">
      <Filter>Log</Filter>
    </ClInclude>
    <ClInclude Include="Renderers\TerrainRenderer.h">
      <Filter>Renderers</Filter>
    </ClInclude>
    <ClInclude Include="DebugOutput.h" />
    <ClInclude Include="Renderers\SkyboxRenderer.h">
      <Filter>Renderers</Filter>
    </ClInclude>
    <ClInclude Include="Renderers\SkydomeRenderer.h">
      <Filter>Renderers</Filter>
    </ClInclude>
    <ClInclude Include="Renderers\CompassRenderer.h">
      <Filter>Renderers</Filter>
    </ClInclude>
    <ClInclude Include="DDS.h" />
    <ClInclude Include="Renderers\ModelRenderer.h">
      <Filter>Renderers</Filter>
    </ClInclude>
    <ClInclude Include="Renderables\Model.h">
      <Filter>Renderables</Filter>
    </ClInclude>
    <ClInclude Include="Geometry\ModelData.h">
      <Filter>Geometry</Filter>
    </ClInclude>
    <ClInclude Include="Renderers\Text2D\TextRenderer.h">
      <Filter>Renderers\Text2D</Filter>
    </ClInclude>
    <ClInclude Include="Renderers\Text2D\TextPage.h">
      <Filter>Renderers\Text2D</Filter>
    </ClInclude>
    <ClInclude Include="ComputeShader.h" />
    <ClInclude Include="Maths\Helpers.h">
      <Filter>Maths</Filter>
    </ClInclude>
    <ClInclude Include="Renderers\PerlinNoiseOcean\PerlinNoiseOceanRenderer.h">
      <Filter>Renderers\PerlinNoiseOcean</Filter>
    </ClInclude>
    <ClInclude Include="Renderers\PerlinNoiseOcean\PerlinNoiseOceanWaveProperty.h">
      <Filter>Renderers\PerlinNoiseOcean</Filter>
    </ClInclude>
    <ClInclude Include="Renderers\PerlinNoiseOcean\PerlinNoiseOceanHeightMapCS.h">
      <Filter>Renderers\PerlinNoiseOcean</Filter>
    </ClInclude>
    <ClInclude Include="Renderers\GerstnerWaves\GerstnerWavesHeightMapCS.h">
      <Filter>Renderers\GerstnerWaves</Filter>
    </ClInclude>
    <ClInclude Include="Renderers\GerstnerWaves\GerstnerWavesWaveProperty.h">
      <Filter>Renderers\GerstnerWaves</Filter>
    </ClInclude>
    <ClInclude Include="Renderers\GerstnerWaves\GerstnerWavesRenderer.h">
      <Filter>Renderers\GerstnerWaves</Filter>
    </ClInclude>
    <ClInclude Include="Renderers\DeepOcean\DeepOceanHeightMapCS.h">
      <Filter>Renderers\DeepOcean</Filter>
    </ClInclude>
    <ClInclude Include="Renderers\DeepOcean\DeepOceanRenderer.h">
      <Filter>Renderers\DeepOcean</Filter>
    </ClInclude>
    <ClInclude Include="Renderers\DeepOcean\DeepOceanWaveProperty.h">
      <Filter>Renderers\DeepOcean</Filter>
    </ClInclude>
    <ClInclude Include="Renderers\DebugTools\DrawGBufferNormalShader.h">
      <Filter>Renderers\DebugTools</Filter>
    </ClInclude>
    <ClInclude Include="Renderers\DebugTools\IcosahedronRenderer.h">
      <Filter>Renderers\DebugTools</Filter>
    </ClInclude>
    <ClInclude Include="Renderers\DebugTools\LightPositionRenderer.h">
      <Filter>Renderers\DebugTools</Filter>
    </ClInclude>
    <ClInclude Include="Renderers\DebugTools\ConeRenderer.h">
      <Filter>Renderers\DebugTools</Filter>
    </ClInclude>
    <ClInclude Include="ShaderStorageBuffer.h" />
    <ClInclude Include="Renderers\Text2D\TextGroup.h">
      <Filter>Renderers\Text2D</Filter>
    </ClInclude>
    <ClInclude Include="Maths\SolarPosition.h">
      <Filter>Maths</Filter>
    </ClInclude>
  </ItemGroup>
  <ItemGroup>
    <ClCompile Include="Shader.cpp" />
    <ClCompile Include="stdafx.cpp">
      <Filter>misc</Filter>
    </ClCompile>
    <ClCompile Include="Renderables\Grid.cpp">
      <Filter>Renderables</Filter>
    </ClCompile>
    <ClCompile Include="Frame.cpp" />
    <ClCompile Include="SceneObject.cpp" />
    <ClCompile Include="Camera.cpp" />
    <ClCompile Include="TextureManager.cpp" />
    <ClCompile Include="Texture2D.cpp" />
    <ClCompile Include="Engine.cpp" />
    <ClCompile Include="Renderables\Axis.cpp">
      <Filter>Renderables</Filter>
    </ClCompile>
    <ClCompile Include="Renderer.cpp" />
    <ClCompile Include="Renderers\GridRenderer.cpp">
      <Filter>Renderers</Filter>
    </ClCompile>
    <ClCompile Include="Renderers\AxisRenderer.cpp">
      <Filter>Renderers</Filter>
    </ClCompile>
    <ClCompile Include="Lights\Light.cpp">
      <Filter>Lights</Filter>
    </ClCompile>
    <ClCompile Include="Lights\PointLight.cpp">
      <Filter>Lights</Filter>
    </ClCompile>
    <ClCompile Include="Lights\DirectionalLight.cpp">
      <Filter>Lights</Filter>
    </ClCompile>
    <ClCompile Include="TextureBuffer.cpp" />
    <ClCompile Include="Maths\DualQuaternion.cpp">
      <Filter>Maths</Filter>
    </ClCompile>
    <ClCompile Include="PropertyData.cpp" />
    <ClCompile Include="Lights\SpotLight.cpp">
      <Filter>Lights</Filter>
    </ClCompile>
    <ClCompile Include="Log\Logger.cpp">
      <Filter>Log</Filter>
    </ClCompile>
    <ClCompile Include="Renderers\TerrainRenderer.cpp">
      <Filter>Renderers</Filter>
    </ClCompile>
    <ClCompile Include="DebugOutput.cpp" />
    <ClCompile Include="Renderers\SkyboxRenderer.cpp">
      <Filter>Renderers</Filter>
    </ClCompile>
    <ClCompile Include="Renderers\SkydomeRenderer.cpp">
      <Filter>Renderers</Filter>
    </ClCompile>
    <ClCompile Include="Renderers\CompassRenderer.cpp">
      <Filter>Renderers</Filter>
    </ClCompile>
    <ClCompile Include="DDS.cpp" />
    <ClCompile Include="Renderers\ModelRenderer.cpp">
      <Filter>Renderers</Filter>
    </ClCompile>
    <ClCompile Include="Renderables\Model.cpp">
      <Filter>Renderables</Filter>
    </ClCompile>
    <ClCompile Include="Geometry\ModelData.cpp">
      <Filter>Geometry</Filter>
    </ClCompile>
    <ClCompile Include="Renderers\Text2D\TextRenderer.cpp">
      <Filter>Renderers\Text2D</Filter>
    </ClCompile>
    <ClCompile Include="Renderers\Text2D\TextPage.cpp">
      <Filter>Renderers\Text2D</Filter>
    </ClCompile>
    <ClCompile Include="ComputeShader.cpp" />
    <ClCompile Include="Renderers\PerlinNoiseOcean\PerlinNoiseOceanRenderer.cpp">
      <Filter>Renderers\PerlinNoiseOcean</Filter>
    </ClCompile>
    <ClCompile Include="Renderers\PerlinNoiseOcean\PerlinNoiseOceanHeightMapCS.cpp">
      <Filter>Renderers\PerlinNoiseOcean</Filter>
    </ClCompile>
    <ClCompile Include="Renderers\GerstnerWaves\GerstnerWavesHeightMapCS.cpp">
      <Filter>Renderers\GerstnerWaves</Filter>
    </ClCompile>
    <ClCompile Include="Renderers\GerstnerWaves\GerstnerWavesRenderer.cpp">
      <Filter>Renderers\GerstnerWaves</Filter>
    </ClCompile>
    <ClCompile Include="Renderers\DeepOcean\DeepOceanHeightMapCS.cpp">
      <Filter>Renderers\DeepOcean</Filter>
    </ClCompile>
    <ClCompile Include="Renderers\DeepOcean\DeepOceanRenderer.cpp">
      <Filter>Renderers\DeepOcean</Filter>
    </ClCompile>
    <ClCompile Include="Renderers\DebugTools\DrawGBufferNormalShader.cpp">
      <Filter>Renderers\DebugTools</Filter>
    </ClCompile>
    <ClCompile Include="Renderers\DebugTools\IcosahedronRenderer.cpp">
      <Filter>Renderers\DebugTools</Filter>
    </ClCompile>
    <ClCompile Include="Renderers\DebugTools\LightPositionRenderer.cpp">
      <Filter>Renderers\DebugTools</Filter>
    </ClCompile>
    <ClCompile Include="Renderers\DebugTools\ConeRenderer.cpp">
      <Filter>Renderers\DebugTools</Filter>
    </ClCompile>
    <ClCompile Include="Engine_Release.cpp" />
    <ClCompile Include="Engine_Initialize.cpp" />
    <ClCompile Include="ShaderStorageBuffer.cpp" />
    <ClCompile Include="Renderers\Text2D\TextGroup.cpp">
      <Filter>Renderers\Text2D</Filter>
    </ClCompile>
    <ClCompile Include="Maths\SolarPosition.cpp">
      <Filter>Maths</Filter>
    </ClCompile>
  </ItemGroup>
  <ItemGroup>
    <None Include="packages.config">
      <Filter>misc</Filter>
    </None>
    <None Include="..\Data\Shaders\compass.forward.fs.glsl">
      <Filter>Shaders</Filter>
    </None>
    <None Include="..\Data\Shaders\compass.vs.glsl">
      <Filter>Shaders</Filter>
    </None>
    <None Include="..\Data\Shaders\compass.wireframe.fs.glsl">
      <Filter>Shaders</Filter>
    </None>
    <None Include="Renderers\PreethamScatter\ciexyz31_300_800.table">
      <Filter>Renderers\PreethamScatter</Filter>
    </None>
    <None Include="Renderers\PreethamScatter\ciexyz31_350_800.table">
      <Filter>Renderers\PreethamScatter</Filter>
    </None>
    <None Include="Renderers\PreethamScatter\K.table">
      <Filter>Renderers\PreethamScatter</Filter>
    </None>
    <None Include="Renderers\PreethamScatter\Kg.table">
      <Filter>Renderers\PreethamScatter</Filter>
    </None>
    <None Include="Renderers\PreethamScatter\Ko.table">
      <Filter>Renderers\PreethamScatter</Filter>
    </None>
    <None Include="Renderers\PreethamScatter\Kwa.table">
      <Filter>Renderers\PreethamScatter</Filter>
    </None>
    <None Include="Renderers\PreethamScatter\N21.table">
      <Filter>Renderers\PreethamScatter</Filter>
    </None>
    <None Include="Renderers\PreethamScatter\neta.table">
      <Filter>Renderers\PreethamScatter</Filter>
    </None>
    <None Include="Renderers\PreethamScatter\Sol.table">
      <Filter>Renderers\PreethamScatter</Filter>
    </None>
    <None Include="..\Data\Shaders\deepOcean.tes.glsl">
      <Filter>Shaders\Ocean</Filter>
    </None>
    <None Include="..\Data\Shaders\deepOcean_vertex_normal.gs.glsl">
      <Filter>Shaders\Ocean</Filter>
    </None>
    <None Include="..\Data\Shaders\PerlinNoiseOcean.hmap.cs.glsl">
      <Filter>Shaders\Ocean</Filter>
    </None>
    <None Include="..\Data\Shaders\PerlinNoiseOcean.tes.glsl">
      <Filter>Shaders\Ocean</Filter>
    </None>
    <None Include="..\Data\Shaders\RenderersCommon.incl.glsl">
      <Filter>Shaders\Incl</Filter>
    </None>
    <None Include="..\Data\Shaders\RendererShaders.header.glsl">
      <Filter>Shaders\Incl</Filter>
    </None>
    <None Include="..\Data\Shaders\Quaternions.incl.glsl">
      <Filter>Shaders\Incl</Filter>
    </None>
    <None Include="..\Data\Shaders\terrain.deferred.fs.glsl">
      <Filter>Shaders\Terrain</Filter>
    </None>
    <None Include="..\Data\Shaders\terrain.gs.glsl">
      <Filter>Shaders\Terrain</Filter>
    </None>
    <None Include="..\Data\Shaders\terrain.tcs.glsl">
      <Filter>Shaders\Terrain</Filter>
    </None>
    <None Include="..\Data\Shaders\terrain.tes.glsl">
      <Filter>Shaders\Terrain</Filter>
    </None>
    <None Include="..\Data\Shaders\terrain.vs.glsl">
      <Filter>Shaders\Terrain</Filter>
    </None>
    <None Include="..\Data\Shaders\terrain.wireframe.fs.glsl">
      <Filter>Shaders\Terrain</Filter>
    </None>
    <None Include="..\Data\Shaders\terrain_vertex_normal.gs.glsl">
      <Filter>Shaders\Terrain</Filter>
    </None>
    <None Include="..\Data\Shaders\skybox.deferred.fs.glsl">
      <Filter>Shaders\Sky</Filter>
    </None>
    <None Include="..\Data\Shaders\skybox.forward.fs.glsl">
      <Filter>Shaders\Sky</Filter>
    </None>
    <None Include="..\Data\Shaders\skybox.vs.glsl">
      <Filter>Shaders\Sky</Filter>
    </None>
    <None Include="..\Data\Shaders\skybox.wireframe.fs.glsl">
      <Filter>Shaders\Sky</Filter>
    </None>
    <None Include="..\Data\Shaders\skydome.deferred.fs.glsl">
      <Filter>Shaders\Sky</Filter>
    </None>
    <None Include="..\Data\Shaders\skydome.forward.fs.glsl">
      <Filter>Shaders\Sky</Filter>
    </None>
    <None Include="..\Data\Shaders\skydome.vs.glsl">
      <Filter>Shaders\Sky</Filter>
    </None>
    <None Include="..\Data\Shaders\axis.deferred.fs.glsl">
      <Filter>Shaders\Debug</Filter>
    </None>
    <None Include="..\Data\Shaders\axis.forward.fs.glsl">
      <Filter>Shaders\Debug</Filter>
    </None>
    <None Include="..\Data\Shaders\axis.vs.glsl">
      <Filter>Shaders\Debug</Filter>
    </None>
    <None Include="..\Data\Shaders\ConeShader.Light.forward.fs.glsl">
      <Filter>Shaders\Debug</Filter>
    </None>
    <None Include="..\Data\Shaders\ConeShader.Light.gs.glsl">
      <Filter>Shaders\Debug</Filter>
    </None>
    <None Include="..\Data\Shaders\ConeShader.vs.glsl">
      <Filter>Shaders\Debug</Filter>
    </None>
    <None Include="..\Data\Shaders\ComputeShaders.header.glsl">
      <Filter>Shaders\Incl</Filter>
    </None>
    <None Include="..\Data\Shaders\drawGBufferNormals.forward.fs.glsl">
      <Filter>Shaders\Debug</Filter>
    </None>
    <None Include="..\Data\Shaders\drawGBufferNormals.gs.glsl">
      <Filter>Shaders\Debug</Filter>
    </None>
    <None Include="..\Data\Shaders\drawGBufferNormals.vs.glsl">
      <Filter>Shaders\Debug</Filter>
    </None>
    <None Include="..\Data\Shaders\grid.deferred.fs.glsl">
      <Filter>Shaders\Debug</Filter>
    </None>
    <None Include="..\Data\Shaders\grid.forward.fs.glsl">
      <Filter>Shaders\Debug</Filter>
    </None>
    <None Include="..\Data\Shaders\grid.vs.glsl">
      <Filter>Shaders\Debug</Filter>
    </None>
    <None Include="..\Data\Shaders\wireframe.fs.glsl">
      <Filter>Shaders\Debug</Filter>
    </None>
    <None Include="..\Data\Shaders\IcosahedronShader.forward.fs.glsl">
      <Filter>Shaders\Debug</Filter>
    </None>
    <None Include="..\Data\Shaders\IcosahedronShader.gs.glsl">
      <Filter>Shaders\Debug</Filter>
    </None>
    <None Include="..\Data\Shaders\IcosahedronShader.PointLight.forward.fs.glsl">
      <Filter>Shaders\Debug</Filter>
    </None>
    <None Include="..\Data\Shaders\IcosahedronShader.PointLight.gs.glsl">
      <Filter>Shaders\Debug</Filter>
    </None>
    <None Include="..\Data\Shaders\IcosahedronShader.tcs.glsl">
      <Filter>Shaders\Debug</Filter>
    </None>
    <None Include="..\Data\Shaders\IcosahedronShader.tes.glsl">
      <Filter>Shaders\Debug</Filter>
    </None>
    <None Include="..\Data\Shaders\IcosahedronShader.vs.glsl">
      <Filter>Shaders\Debug</Filter>
    </None>
    <None Include="..\Data\Shaders\IcosahedronShader.WireFrame.forward.fs.glsl">
      <Filter>Shaders\Debug</Filter>
    </None>
    <None Include="..\Data\Shaders\vertex_normal.fs.glsl">
      <Filter>Shaders\Debug</Filter>
    </None>
    <None Include="..\Data\Shaders\vertex_normal.gs.glsl">
      <Filter>Shaders\Debug</Filter>
    </None>
    <None Include="..\Data\Shaders\vertex_normal.vs.glsl">
      <Filter>Shaders\Debug</Filter>
    </None>
    <None Include="..\Data\Shaders\light.fs.glsl">
      <Filter>Shaders\Deferred</Filter>
    </None>
    <None Include="..\Data\Shaders\light.vs.glsl">
      <Filter>Shaders\Deferred</Filter>
    </None>
    <None Include="..\Data\Shaders\tonemapping.fs.glsl">
      <Filter>Shaders\Deferred</Filter>
    </None>
    <None Include="..\Data\Shaders\mesh.deferred.fs.glsl">
      <Filter>Shaders\Model</Filter>
    </None>
    <None Include="..\Data\Shaders\mesh.gs.glsl">
      <Filter>Shaders\Model</Filter>
    </None>
    <None Include="..\Data\Shaders\mesh.vs.glsl">
      <Filter>Shaders\Model</Filter>
    </None>
    <None Include="..\Data\Shaders\mesh.wireframe.fs.glsl">
      <Filter>Shaders\Model</Filter>
    </None>
    <None Include="..\Data\Shaders\copy.fs.glsl">
      <Filter>Shaders\Debug</Filter>
    </None>
    <None Include="..\Data\Shaders\copyTex2DArray.fs.glsl">
      <Filter>Shaders\Debug</Filter>
    </None>
    <None Include="..\Data\Shaders\GerstnerWaves.hmap.cs.glsl">
      <Filter>Shaders\Ocean</Filter>
    </None>
    <None Include="..\Data\Shaders\HeightFieldOcean.deferred.fs.glsl">
      <Filter>Shaders\Ocean</Filter>
    </None>
    <None Include="..\Data\Shaders\HeightFieldOcean.tcs.glsl">
      <Filter>Shaders\Ocean</Filter>
    </None>
    <None Include="..\Data\Shaders\HeightFieldOcean.vs.glsl">
      <Filter>Shaders\Ocean</Filter>
    </None>
    <None Include="..\Data\Shaders\GerstnerWaves.tes.glsl">
      <Filter>Shaders\Ocean</Filter>
    </None>
    <None Include="..\Data\Shaders\DeepOcean.hmap.cs.glsl">
      <Filter>Shaders\Ocean</Filter>
    </None>
    <None Include="..\Data\Shaders\HeightFieldOcean.wireframe.fs.glsl">
      <Filter>Shaders\Ocean</Filter>
    </None>
    <None Include="..\Data\Shaders\HeightFieldOcean.normal.cs.glsl">
      <Filter>Shaders\Ocean</Filter>
    </None>
    <None Include="..\Data\Shaders\ShowDeferredBuffers.fs.glsl">
      <Filter>Shaders\Debug</Filter>
    </None>
    <None Include="..\Data\Shaders\screenquad.vs.glsl">
      <Filter>Shaders\Deferred</Filter>
    </None>
    <None Include="..\Data\Shaders\ssao.GaussianBlur.cs.glsl">
      <Filter>Shaders\SSAO</Filter>
    </None>
    <None Include="..\Data\Shaders\ssao.fs.glsl">
      <Filter>Shaders\SSAO</Filter>
    </None>
    <None Include="..\Data\Shaders\light.pbr.fs.glsl">
      <Filter>Shaders\Deferred</Filter>
    </None>
    <None Include="..\Data\Shaders\light.pbr-tri-ace-2010.fs.glsl">
      <Filter>Shaders\Deferred</Filter>
    </None>
    <None Include="..\Data\Shaders\Precompute.Matrix.cs.glsl">
      <Filter>Shaders</Filter>
    </None>
    <None Include="..\Data\Shaders\FrameDataUniform.incl.glsl">
      <Filter>Shaders\Incl</Filter>
    </None>
    <None Include="..\Data\Shaders\DeferredShadingCommon.incl.glsl">
      <Filter>Shaders\Deferred</Filter>
    </None>
    <None Include="..\Data\Shaders\light.pbr-disney.fs.glsl">
      <Filter>Shaders\Deferred</Filter>
    </None>
    <None Include="..\Data\Shaders\Text.vs.glsl">
      <Filter>Shaders\Text2D</Filter>
    </None>
    <None Include="..\Data\Shaders\Text.forward.fs.glsl">
      <Filter>Shaders\Text2D</Filter>
    </None>
    <None Include="..\Data\Shaders\Text.wireframe.fs.glsl">
      <Filter>Shaders\Text2D</Filter>
    </None>
  </ItemGroup>
  <ItemGroup>
    <Text Include="ReadMe.txt">
      <Filter>misc</Filter>
    </Text>
  </ItemGroup>
</Project>